// !$*UTF8*$!
{
	archiveVersion = 1;
	classes = {
	};
	objectVersion = 46;
	objects = {

/* Begin PBXBuildFile section */
		862F39F91CDE0D4300D256C6 /* GameResultsViewController.swift in Sources */ = {isa = PBXBuildFile; fileRef = 862F39F81CDE0D4300D256C6 /* GameResultsViewController.swift */; };
		86B351AC1CDD952200262E53 /* AppDelegate.swift in Sources */ = {isa = PBXBuildFile; fileRef = 86B351AB1CDD952200262E53 /* AppDelegate.swift */; };
		86B351AE1CDD952200262E53 /* PlayViewController.swift in Sources */ = {isa = PBXBuildFile; fileRef = 86B351AD1CDD952200262E53 /* PlayViewController.swift */; };
		86B351B11CDD952200262E53 /* Main.storyboard in Resources */ = {isa = PBXBuildFile; fileRef = 86B351AF1CDD952200262E53 /* Main.storyboard */; };
		86B351B31CDD952200262E53 /* Assets.xcassets in Resources */ = {isa = PBXBuildFile; fileRef = 86B351B21CDD952200262E53 /* Assets.xcassets */; };
		86B351B61CDD952200262E53 /* LaunchScreen.storyboard in Resources */ = {isa = PBXBuildFile; fileRef = 86B351B41CDD952200262E53 /* LaunchScreen.storyboard */; };
		86B351C11CDD952200262E53 /* RoshamboTests.swift in Sources */ = {isa = PBXBuildFile; fileRef = 86B351C01CDD952200262E53 /* RoshamboTests.swift */; };
		86B351CC1CDD952200262E53 /* RoshamboUITests.swift in Sources */ = {isa = PBXBuildFile; fileRef = 86B351CB1CDD952200262E53 /* RoshamboUITests.swift */; };
		86B351DA1CDD9B2900262E53 /* RoshamboGame.swift in Sources */ = {isa = PBXBuildFile; fileRef = 86B351D91CDD9B2900262E53 /* RoshamboGame.swift */; };
/* End PBXBuildFile section */

/* Begin PBXContainerItemProxy section */
		86B351BD1CDD952200262E53 /* PBXContainerItemProxy */ = {
			isa = PBXContainerItemProxy;
			containerPortal = 86B351A01CDD952200262E53 /* Project object */;
			proxyType = 1;
			remoteGlobalIDString = 86B351A71CDD952200262E53;
			remoteInfo = Roshambo;
		};
		86B351C81CDD952200262E53 /* PBXContainerItemProxy */ = {
			isa = PBXContainerItemProxy;
			containerPortal = 86B351A01CDD952200262E53 /* Project object */;
			proxyType = 1;
			remoteGlobalIDString = 86B351A71CDD952200262E53;
			remoteInfo = Roshambo;
		};
/* End PBXContainerItemProxy section */

/* Begin PBXFileReference section */
		862F39F81CDE0D4300D256C6 /* GameResultsViewController.swift */ = {isa = PBXFileReference; fileEncoding = 4; lastKnownFileType = sourcecode.swift; path = GameResultsViewController.swift; sourceTree = "<group>"; };
		86B351A81CDD952200262E53 /* Roshambo.app */ = {isa = PBXFileReference; explicitFileType = wrapper.application; includeInIndex = 0; path = Roshambo.app; sourceTree = BUILT_PRODUCTS_DIR; };
		86B351AB1CDD952200262E53 /* AppDelegate.swift */ = {isa = PBXFileReference; lastKnownFileType = sourcecode.swift; path = AppDelegate.swift; sourceTree = "<group>"; };
		86B351AD1CDD952200262E53 /* PlayViewController.swift */ = {isa = PBXFileReference; lastKnownFileType = sourcecode.swift; path = PlayViewController.swift; sourceTree = "<group>"; };
		86B351B01CDD952200262E53 /* Base */ = {isa = PBXFileReference; lastKnownFileType = file.storyboard; name = Base; path = Base.lproj/Main.storyboard; sourceTree = "<group>"; };
		86B351B21CDD952200262E53 /* Assets.xcassets */ = {isa = PBXFileReference; lastKnownFileType = folder.assetcatalog; path = Assets.xcassets; sourceTree = "<group>"; };
		86B351B51CDD952200262E53 /* Base */ = {isa = PBXFileReference; lastKnownFileType = file.storyboard; name = Base; path = Base.lproj/LaunchScreen.storyboard; sourceTree = "<group>"; };
		86B351B71CDD952200262E53 /* Info.plist */ = {isa = PBXFileReference; lastKnownFileType = text.plist.xml; path = Info.plist; sourceTree = "<group>"; };
		86B351BC1CDD952200262E53 /* RoshamboTests.xctest */ = {isa = PBXFileReference; explicitFileType = wrapper.cfbundle; includeInIndex = 0; path = RoshamboTests.xctest; sourceTree = BUILT_PRODUCTS_DIR; };
		86B351C01CDD952200262E53 /* RoshamboTests.swift */ = {isa = PBXFileReference; lastKnownFileType = sourcecode.swift; path = RoshamboTests.swift; sourceTree = "<group>"; };
		86B351C21CDD952200262E53 /* Info.plist */ = {isa = PBXFileReference; lastKnownFileType = text.plist.xml; path = Info.plist; sourceTree = "<group>"; };
		86B351C71CDD952200262E53 /* RoshamboUITests.xctest */ = {isa = PBXFileReference; explicitFileType = wrapper.cfbundle; includeInIndex = 0; path = RoshamboUITests.xctest; sourceTree = BUILT_PRODUCTS_DIR; };
		86B351CB1CDD952200262E53 /* RoshamboUITests.swift */ = {isa = PBXFileReference; lastKnownFileType = sourcecode.swift; path = RoshamboUITests.swift; sourceTree = "<group>"; };
		86B351CD1CDD952200262E53 /* Info.plist */ = {isa = PBXFileReference; lastKnownFileType = text.plist.xml; path = Info.plist; sourceTree = "<group>"; };
		86B351D91CDD9B2900262E53 /* RoshamboGame.swift */ = {isa = PBXFileReference; fileEncoding = 4; lastKnownFileType = sourcecode.swift; path = RoshamboGame.swift; sourceTree = "<group>"; };
/* End PBXFileReference section */

/* Begin PBXFrameworksBuildPhase section */
		86B351A51CDD952200262E53 /* Frameworks */ = {
			isa = PBXFrameworksBuildPhase;
			buildActionMask = 2147483647;
			files = (
			);
			runOnlyForDeploymentPostprocessing = 0;
		};
		86B351B91CDD952200262E53 /* Frameworks */ = {
			isa = PBXFrameworksBuildPhase;
			buildActionMask = 2147483647;
			files = (
			);
			runOnlyForDeploymentPostprocessing = 0;
		};
		86B351C41CDD952200262E53 /* Frameworks */ = {
			isa = PBXFrameworksBuildPhase;
			buildActionMask = 2147483647;
			files = (
			);
			runOnlyForDeploymentPostprocessing = 0;
		};
/* End PBXFrameworksBuildPhase section */

/* Begin PBXGroup section */
		86B3519F1CDD952200262E53 = {
			isa = PBXGroup;
			children = (
				86B351AA1CDD952200262E53 /* Roshambo */,
				86B351BF1CDD952200262E53 /* RoshamboTests */,
				86B351CA1CDD952200262E53 /* RoshamboUITests */,
				86B351A91CDD952200262E53 /* Products */,
			);
			sourceTree = "<group>";
		};
		86B351A91CDD952200262E53 /* Products */ = {
			isa = PBXGroup;
			children = (
				86B351A81CDD952200262E53 /* Roshambo.app */,
				86B351BC1CDD952200262E53 /* RoshamboTests.xctest */,
				86B351C71CDD952200262E53 /* RoshamboUITests.xctest */,
			);
			name = Products;
			sourceTree = "<group>";
		};
		86B351AA1CDD952200262E53 /* Roshambo */ = {
			isa = PBXGroup;
			children = (
				86B351AB1CDD952200262E53 /* AppDelegate.swift */,
				86B351D91CDD9B2900262E53 /* RoshamboGame.swift */,
				86B351AD1CDD952200262E53 /* PlayViewController.swift */,
				862F39F81CDE0D4300D256C6 /* GameResultsViewController.swift */,
				86B351AF1CDD952200262E53 /* Main.storyboard */,
				86B351B21CDD952200262E53 /* Assets.xcassets */,
				86B351B41CDD952200262E53 /* LaunchScreen.storyboard */,
				86B351B71CDD952200262E53 /* Info.plist */,
			);
			path = Roshambo;
			sourceTree = "<group>";
		};
		86B351BF1CDD952200262E53 /* RoshamboTests */ = {
			isa = PBXGroup;
			children = (
				86B351C01CDD952200262E53 /* RoshamboTests.swift */,
				86B351C21CDD952200262E53 /* Info.plist */,
			);
			path = RoshamboTests;
			sourceTree = "<group>";
		};
		86B351CA1CDD952200262E53 /* RoshamboUITests */ = {
			isa = PBXGroup;
			children = (
				86B351CB1CDD952200262E53 /* RoshamboUITests.swift */,
				86B351CD1CDD952200262E53 /* Info.plist */,
			);
			path = RoshamboUITests;
			sourceTree = "<group>";
		};
/* End PBXGroup section */

/* Begin PBXNativeTarget section */
		86B351A71CDD952200262E53 /* Roshambo */ = {
			isa = PBXNativeTarget;
			buildConfigurationList = 86B351D01CDD952200262E53 /* Build configuration list for PBXNativeTarget "Roshambo" */;
			buildPhases = (
				86B351A41CDD952200262E53 /* Sources */,
				86B351A51CDD952200262E53 /* Frameworks */,
				86B351A61CDD952200262E53 /* Resources */,
			);
			buildRules = (
			);
			dependencies = (
			);
			name = Roshambo;
			productName = Roshambo;
			productReference = 86B351A81CDD952200262E53 /* Roshambo.app */;
			productType = "com.apple.product-type.application";
		};
		86B351BB1CDD952200262E53 /* RoshamboTests */ = {
			isa = PBXNativeTarget;
			buildConfigurationList = 86B351D31CDD952200262E53 /* Build configuration list for PBXNativeTarget "RoshamboTests" */;
			buildPhases = (
				86B351B81CDD952200262E53 /* Sources */,
				86B351B91CDD952200262E53 /* Frameworks */,
				86B351BA1CDD952200262E53 /* Resources */,
			);
			buildRules = (
			);
			dependencies = (
				86B351BE1CDD952200262E53 /* PBXTargetDependency */,
			);
			name = RoshamboTests;
			productName = RoshamboTests;
			productReference = 86B351BC1CDD952200262E53 /* RoshamboTests.xctest */;
			productType = "com.apple.product-type.bundle.unit-test";
		};
		86B351C61CDD952200262E53 /* RoshamboUITests */ = {
			isa = PBXNativeTarget;
			buildConfigurationList = 86B351D61CDD952200262E53 /* Build configuration list for PBXNativeTarget "RoshamboUITests" */;
			buildPhases = (
				86B351C31CDD952200262E53 /* Sources */,
				86B351C41CDD952200262E53 /* Frameworks */,
				86B351C51CDD952200262E53 /* Resources */,
			);
			buildRules = (
			);
			dependencies = (
				86B351C91CDD952200262E53 /* PBXTargetDependency */,
			);
			name = RoshamboUITests;
			productName = RoshamboUITests;
			productReference = 86B351C71CDD952200262E53 /* RoshamboUITests.xctest */;
			productType = "com.apple.product-type.bundle.ui-testing";
		};
/* End PBXNativeTarget section */

/* Begin PBXProject section */
		86B351A01CDD952200262E53 /* Project object */ = {
			isa = PBXProject;
			attributes = {
				LastSwiftUpdateCheck = 0730;
				LastUpgradeCheck = 0730;
				ORGANIZATIONNAME = zowonu;
				TargetAttributes = {
					86B351A71CDD952200262E53 = {
						CreatedOnToolsVersion = 7.3;
					};
					86B351BB1CDD952200262E53 = {
						CreatedOnToolsVersion = 7.3;
						TestTargetID = 86B351A71CDD952200262E53;
					};
					86B351C61CDD952200262E53 = {
						CreatedOnToolsVersion = 7.3;
						TestTargetID = 86B351A71CDD952200262E53;
					};
				};
			};
			buildConfigurationList = 86B351A31CDD952200262E53 /* Build configuration list for PBXProject "Roshambo" */;
			compatibilityVersion = "Xcode 3.2";
			developmentRegion = English;
			hasScannedForEncodings = 0;
			knownRegions = (
				en,
				Base,
			);
			mainGroup = 86B3519F1CDD952200262E53;
			productRefGroup = 86B351A91CDD952200262E53 /* Products */;
			projectDirPath = "";
			projectRoot = "";
			targets = (
				86B351A71CDD952200262E53 /* Roshambo */,
				86B351BB1CDD952200262E53 /* RoshamboTests */,
				86B351C61CDD952200262E53 /* RoshamboUITests */,
			);
		};
/* End PBXProject section */

/* Begin PBXResourcesBuildPhase section */
		86B351A61CDD952200262E53 /* Resources */ = {
			isa = PBXResourcesBuildPhase;
			buildActionMask = 2147483647;
			files = (
				86B351B61CDD952200262E53 /* LaunchScreen.storyboard in Resources */,
				86B351B31CDD952200262E53 /* Assets.xcassets in Resources */,
				86B351B11CDD952200262E53 /* Main.storyboard in Resources */,
			);
			runOnlyForDeploymentPostprocessing = 0;
		};
		86B351BA1CDD952200262E53 /* Resources */ = {
			isa = PBXResourcesBuildPhase;
			buildActionMask = 2147483647;
			files = (
			);
			runOnlyForDeploymentPostprocessing = 0;
		};
		86B351C51CDD952200262E53 /* Resources */ = {
			isa = PBXResourcesBuildPhase;
			buildActionMask = 2147483647;
			files = (
			);
			runOnlyForDeploymentPostprocessing = 0;
		};
/* End PBXResourcesBuildPhase section */

/* Begin PBXSourcesBuildPhase section */
		86B351A41CDD952200262E53 /* Sources */ = {
			isa = PBXSourcesBuildPhase;
			buildActionMask = 2147483647;
			files = (
				86B351AE1CDD952200262E53 /* PlayViewController.swift in Sources */,
				862F39F91CDE0D4300D256C6 /* GameResultsViewController.swift in Sources */,
				86B351DA1CDD9B2900262E53 /* RoshamboGame.swift in Sources */,
				86B351AC1CDD952200262E53 /* AppDelegate.swift in Sources */,
			);
			runOnlyForDeploymentPostprocessing = 0;
		};
		86B351B81CDD952200262E53 /* Sources */ = {
			isa = PBXSourcesBuildPhase;
			buildActionMask = 2147483647;
			files = (
				86B351C11CDD952200262E53 /* RoshamboTests.swift in Sources */,
			);
			runOnlyForDeploymentPostprocessing = 0;
		};
		86B351C31CDD952200262E53 /* Sources */ = {
			isa = PBXSourcesBuildPhase;
			buildActionMask = 2147483647;
			files = (
				86B351CC1CDD952200262E53 /* RoshamboUITests.swift in Sources */,
			);
			runOnlyForDeploymentPostprocessing = 0;
		};
/* End PBXSourcesBuildPhase section */

/* Begin PBXTargetDependency section */
		86B351BE1CDD952200262E53 /* PBXTargetDependency */ = {
			isa = PBXTargetDependency;
			target = 86B351A71CDD952200262E53 /* Roshambo */;
			targetProxy = 86B351BD1CDD952200262E53 /* PBXContainerItemProxy */;
		};
		86B351C91CDD952200262E53 /* PBXTargetDependency */ = {
			isa = PBXTargetDependency;
			target = 86B351A71CDD952200262E53 /* Roshambo */;
			targetProxy = 86B351C81CDD952200262E53 /* PBXContainerItemProxy */;
		};
/* End PBXTargetDependency section */

/* Begin PBXVariantGroup section */
		86B351AF1CDD952200262E53 /* Main.storyboard */ = {
			isa = PBXVariantGroup;
			children = (
				86B351B01CDD952200262E53 /* Base */,
			);
			name = Main.storyboard;
			sourceTree = "<group>";
		};
		86B351B41CDD952200262E53 /* LaunchScreen.storyboard */ = {
			isa = PBXVariantGroup;
			children = (
				86B351B51CDD952200262E53 /* Base */,
			);
			name = LaunchScreen.storyboard;
			sourceTree = "<group>";
		};
/* End PBXVariantGroup section */

/* Begin XCBuildConfiguration section */
		86B351CE1CDD952200262E53 /* Debug */ = {
			isa = XCBuildConfiguration;
			buildSettings = {
				ALWAYS_SEARCH_USER_PATHS = NO;
				CLANG_ANALYZER_NONNULL = YES;
				CLANG_CXX_LANGUAGE_STANDARD = "gnu++0x";
				CLANG_CXX_LIBRARY = "libc++";
				CLANG_ENABLE_MODULES = YES;
				CLANG_ENABLE_OBJC_ARC = YES;
				CLANG_WARN_BOOL_CONVERSION = YES;
				CLANG_WARN_CONSTANT_CONVERSION = YES;
				CLANG_WARN_DIRECT_OBJC_ISA_USAGE = YES_ERROR;
				CLANG_WARN_EMPTY_BODY = YES;
				CLANG_WARN_ENUM_CONVERSION = YES;
				CLANG_WARN_INT_CONVERSION = YES;
				CLANG_WARN_OBJC_ROOT_CLASS = YES_ERROR;
				CLANG_WARN_UNREACHABLE_CODE = YES;
				CLANG_WARN__DUPLICATE_METHOD_MATCH = YES;
				"CODE_SIGN_IDENTITY[sdk=iphoneos*]" = "iPhone Developer";
				COPY_PHASE_STRIP = NO;
				DEBUG_INFORMATION_FORMAT = dwarf;
				ENABLE_STRICT_OBJC_MSGSEND = YES;
				ENABLE_TESTABILITY = YES;
				GCC_C_LANGUAGE_STANDARD = gnu99;
				GCC_DYNAMIC_NO_PIC = NO;
				GCC_NO_COMMON_BLOCKS = YES;
				GCC_OPTIMIZATION_LEVEL = 0;
				GCC_PREPROCESSOR_DEFINITIONS = (
					"DEBUG=1",
					"$(inherited)",
				);
				GCC_WARN_64_TO_32_BIT_CONVERSION = YES;
				GCC_WARN_ABOUT_RETURN_TYPE = YES_ERROR;
				GCC_WARN_UNDECLARED_SELECTOR = YES;
				GCC_WARN_UNINITIALIZED_AUTOS = YES_AGGRESSIVE;
				GCC_WARN_UNUSED_FUNCTION = YES;
				GCC_WARN_UNUSED_VARIABLE = YES;
				IPHONEOS_DEPLOYMENT_TARGET = 9.3;
				MTL_ENABLE_DEBUG_INFO = YES;
				ONLY_ACTIVE_ARCH = YES;
				SDKROOT = iphoneos;
				SWIFT_OPTIMIZATION_LEVEL = "-Onone";
				TARGETED_DEVICE_FAMILY = "1,2";
			};
			name = Debug;
		};
		86B351CF1CDD952200262E53 /* Release */ = {
			isa = XCBuildConfiguration;
			buildSettings = {
				ALWAYS_SEARCH_USER_PATHS = NO;
				CLANG_ANALYZER_NONNULL = YES;
				CLANG_CXX_LANGUAGE_STANDARD = "gnu++0x";
				CLANG_CXX_LIBRARY = "libc++";
				CLANG_ENABLE_MODULES = YES;
				CLANG_ENABLE_OBJC_ARC = YES;
				CLANG_WARN_BOOL_CONVERSION = YES;
				CLANG_WARN_CONSTANT_CONVERSION = YES;
				CLANG_WARN_DIRECT_OBJC_ISA_USAGE = YES_ERROR;
				CLANG_WARN_EMPTY_BODY = YES;
				CLANG_WARN_ENUM_CONVERSION = YES;
				CLANG_WARN_INT_CONVERSION = YES;
				CLANG_WARN_OBJC_ROOT_CLASS = YES_ERROR;
				CLANG_WARN_UNREACHABLE_CODE = YES;
				CLANG_WARN__DUPLICATE_METHOD_MATCH = YES;
				"CODE_SIGN_IDENTITY[sdk=iphoneos*]" = "iPhone Developer";
				COPY_PHASE_STRIP = NO;
				DEBUG_INFORMATION_FORMAT = "dwarf-with-dsym";
				ENABLE_NS_ASSERTIONS = NO;
				ENABLE_STRICT_OBJC_MSGSEND = YES;
				GCC_C_LANGUAGE_STANDARD = gnu99;
				GCC_NO_COMMON_BLOCKS = YES;
				GCC_WARN_64_TO_32_BIT_CONVERSION = YES;
				GCC_WARN_ABOUT_RETURN_TYPE = YES_ERROR;
				GCC_WARN_UNDECLARED_SELECTOR = YES;
				GCC_WARN_UNINITIALIZED_AUTOS = YES_AGGRESSIVE;
				GCC_WARN_UNUSED_FUNCTION = YES;
				GCC_WARN_UNUSED_VARIABLE = YES;
				IPHONEOS_DEPLOYMENT_TARGET = 9.3;
				MTL_ENABLE_DEBUG_INFO = NO;
				SDKROOT = iphoneos;
				TARGETED_DEVICE_FAMILY = "1,2";
				VALIDATE_PRODUCT = YES;
			};
			name = Release;
		};
		86B351D11CDD952200262E53 /* Debug */ = {
			isa = XCBuildConfiguration;
			buildSettings = {
				ASSETCATALOG_COMPILER_APPICON_NAME = AppIcon;
				INFOPLIST_FILE = Roshambo/Info.plist;
				LD_RUNPATH_SEARCH_PATHS = "$(inherited) @executable_path/Frameworks";
				PRODUCT_BUNDLE_IDENTIFIER = com.zowonu.Roshambo;
				PRODUCT_NAME = "$(TARGET_NAME)";
				TARGETED_DEVICE_FAMILY = 1;
			};
			name = Debug;
		};
		86B351D21CDD952200262E53 /* Release */ = {
			isa = XCBuildConfiguration;
			buildSettings = {
				ASSETCATALOG_COMPILER_APPICON_NAME = AppIcon;
				INFOPLIST_FILE = Roshambo/Info.plist;
				LD_RUNPATH_SEARCH_PATHS = "$(inherited) @executable_path/Frameworks";
				PRODUCT_BUNDLE_IDENTIFIER = com.zowonu.Roshambo;
				PRODUCT_NAME = "$(TARGET_NAME)";
				TARGETED_DEVICE_FAMILY = 1;
			};
			name = Release;
		};
		86B351D41CDD952200262E53 /* Debug */ = {
			isa = XCBuildConfiguration;
			buildSettings = {
				BUNDLE_LOADER = "$(TEST_HOST)";
				INFOPLIST_FILE = RoshamboTests/Info.plist;
				LD_RUNPATH_SEARCH_PATHS = "$(inherited) @executable_path/Frameworks @loader_path/Frameworks";
				PRODUCT_BUNDLE_IDENTIFIER = com.mitchsalcido.RoshamboTests;
				PRODUCT_NAME = "$(TARGET_NAME)";
				TEST_HOST = "$(BUILT_PRODUCTS_DIR)/Roshambo.app/Roshambo";
			};
			name = Debug;
		};
		86B351D51CDD952200262E53 /* Release */ = {
			isa = XCBuildConfiguration;
			buildSettings = {
				BUNDLE_LOADER = "$(TEST_HOST)";
				INFOPLIST_FILE = RoshamboTests/Info.plist;
				LD_RUNPATH_SEARCH_PATHS = "$(inherited) @executable_path/Frameworks @loader_path/Frameworks";
				PRODUCT_BUNDLE_IDENTIFIER = com.mitchsalcido.RoshamboTests;
				PRODUCT_NAME = "$(TARGET_NAME)";
				TEST_HOST = "$(BUILT_PRODUCTS_DIR)/Roshambo.app/Roshambo";
			};
			name = Release;
		};
		86B351D71CDD952200262E53 /* Debug */ = {
			isa = XCBuildConfiguration;
			buildSettings = {
				INFOPLIST_FILE = RoshamboUITests/Info.plist;
				LD_RUNPATH_SEARCH_PATHS = "$(inherited) @executable_path/Frameworks @loader_path/Frameworks";
				PRODUCT_BUNDLE_IDENTIFIER = com.mitchsalcido.RoshamboUITests;
				PRODUCT_NAME = "$(TARGET_NAME)";
				TEST_TARGET_NAME = Roshambo;
			};
			name = Debug;
		};
		86B351D81CDD952200262E53 /* Release */ = {
			isa = XCBuildConfiguration;
			buildSettings = {
				INFOPLIST_FILE = RoshamboUITests/Info.plist;
				LD_RUNPATH_SEARCH_PATHS = "$(inherited) @executable_path/Frameworks @loader_path/Frameworks";
				PRODUCT_BUNDLE_IDENTIFIER = com.mitchsalcido.RoshamboUITests;
				PRODUCT_NAME = "$(TARGET_NAME)";
				TEST_TARGET_NAME = Roshambo;
			};
			name = Release;
		};
/* End XCBuildConfiguration section */

/* Begin XCConfigurationList section */
		86B351A31CDD952200262E53 /* Build configuration list for PBXProject "Roshambo" */ = {
			isa = XCConfigurationList;
			buildConfigurations = (
				86B351CE1CDD952200262E53 /* Debug */,
				86B351CF1CDD952200262E53 /* Release */,
			);
			defaultConfigurationIsVisible = 0;
			defaultConfigurationName = Release;
		};
		86B351D01CDD952200262E53 /* Build configuration list for PBXNativeTarget "Roshambo" */ = {
			isa = XCConfigurationList;
			buildConfigurations = (
				86B351D11CDD952200262E53 /* Debug */,
				86B351D21CDD952200262E53 /* Release */,
			);
			defaultConfigurationIsVisible = 0;
			defaultConfigurationName = Release;
		};
		86B351D31CDD952200262E53 /* Build configuration list for PBXNativeTarget "RoshamboTests" */ = {
			isa = XCConfigurationList;
			buildConfigurations = (
				86B351D41CDD952200262E53 /* Debug */,
				86B351D51CDD952200262E53 /* Release */,
			);
			defaultConfigurationIsVisible = 0;
			defaultConfigurationName = Release;
		};
		86B351D61CDD952200262E53 /* Build configuration list for PBXNativeTarget "RoshamboUITests" */ = {
			isa = XCConfigurationList;
			buildConfigurations = (
				86B351D71CDD952200262E53 /* Debug */,
				86B351D81CDD952200262E53 /* Release */,
			);
			defaultConfigurationIsVisible = 0;
			defaultConfigurationName = Release;
		};
/* End XCConfigurationList section */
	};
	rootObject = 86B351A01CDD952200262E53 /* Project object */;
}
